// !$*UTF8*$!
{
	archiveVersion = 1;
	classes = {
	};
	objectVersion = 48;
	objects = {

/* Begin PBXBuildFile section */
		BF9D04AE206569EF00E450EA /* AppDelegate.m in Sources */ = {isa = PBXBuildFile; fileRef = BF9D04AD206569EF00E450EA /* AppDelegate.m */; };
		BF9D04B1206569EF00E450EA /* ViewController.m in Sources */ = {isa = PBXBuildFile; fileRef = BF9D04B0206569EF00E450EA /* ViewController.m */; };
		BF9D04B4206569EF00E450EA /* Main.storyboard in Resources */ = {isa = PBXBuildFile; fileRef = BF9D04B2206569EF00E450EA /* Main.storyboard */; };
		BF9D04B6206569EF00E450EA /* Assets.xcassets in Resources */ = {isa = PBXBuildFile; fileRef = BF9D04B5206569EF00E450EA /* Assets.xcassets */; };
		BF9D04B9206569EF00E450EA /* LaunchScreen.storyboard in Resources */ = {isa = PBXBuildFile; fileRef = BF9D04B7206569EF00E450EA /* LaunchScreen.storyboard */; };
		BF9D04BC206569EF00E450EA /* main.m in Sources */ = {isa = PBXBuildFile; fileRef = BF9D04BB206569EF00E450EA /* main.m */; };
		BF9D04C920656CA900E450EA /* LineView.m in Sources */ = {isa = PBXBuildFile; fileRef = BF9D04C820656CA900E450EA /* LineView.m */; };
		BF9D04CC206578FB00E450EA /* ShareView.m in Sources */ = {isa = PBXBuildFile; fileRef = BF9D04CB206578FB00E450EA /* ShareView.m */; };
		BF9D04CF20657BDE00E450EA /* ProgressView.m in Sources */ = {isa = PBXBuildFile; fileRef = BF9D04CE20657BDE00E450EA /* ProgressView.m */; };
		BF9D04D2206581DA00E450EA /* PieView.m in Sources */ = {isa = PBXBuildFile; fileRef = BF9D04D1206581DA00E450EA /* PieView.m */; };
		BF9D04D520658A4100E450EA /* BarView.m in Sources */ = {isa = PBXBuildFile; fileRef = BF9D04D420658A4100E450EA /* BarView.m */; };
		BF9D04D82065A4A700E450EA /* DrawView.m in Sources */ = {isa = PBXBuildFile; fileRef = BF9D04D72065A4A700E450EA /* DrawView.m */; };
		BF9D04DB2065AA3F00E450EA /* ZFImageView.m in Sources */ = {isa = PBXBuildFile; fileRef = BF9D04DA2065AA3F00E450EA /* ZFImageView.m */; };
		BF9D04DE2065ADEB00E450EA /* SnowView.m in Sources */ = {isa = PBXBuildFile; fileRef = BF9D04DD2065ADEB00E450EA /* SnowView.m */; };
		BF9D04E12065B07E00E450EA /* JuzhenView.m in Sources */ = {isa = PBXBuildFile; fileRef = BF9D04E02065B07E00E450EA /* JuzhenView.m */; };
		BF9D04E42065B67400E450EA /* myImageView.m in Sources */ = {isa = PBXBuildFile; fileRef = BF9D04E32065B67400E450EA /* myImageView.m */; };
		BF9D04EA2065C26900E450EA /* UIImage+Image.m in Sources */ = {isa = PBXBuildFile; fileRef = BF9D04E92065C26900E450EA /* UIImage+Image.m */; };
		BF9D04EE2065C9BD00E450EA /* HuaViewController.m in Sources */ = {isa = PBXBuildFile; fileRef = BF9D04EC2065C9BD00E450EA /* HuaViewController.m */; };
		BF9D04EF2065C9BD00E450EA /* HuaViewController.xib in Resources */ = {isa = PBXBuildFile; fileRef = BF9D04ED2065C9BD00E450EA /* HuaViewController.xib */; };
		BF9D04F52065CD6C00E450EA /* DrawPath.m in Sources */ = {isa = PBXBuildFile; fileRef = BF9D04F42065CD6C00E450EA /* DrawPath.m */; };
		BF9D04F82065DD3600E450EA /* DrawView.m in Sources */ = {isa = PBXBuildFile; fileRef = BF9D04F72065DD3600E450EA /* DrawView.m */; };
/* End PBXBuildFile section */

/* Begin PBXFileReference section */
		BF9D04A9206569EF00E450EA /* Quartz2DTest.app */ = {isa = PBXFileReference; explicitFileType = wrapper.application; includeInIndex = 0; path = Quartz2DTest.app; sourceTree = BUILT_PRODUCTS_DIR; };
		BF9D04AC206569EF00E450EA /* AppDelegate.h */ = {isa = PBXFileReference; lastKnownFileType = sourcecode.c.h; path = AppDelegate.h; sourceTree = "<group>"; };
		BF9D04AD206569EF00E450EA /* AppDelegate.m */ = {isa = PBXFileReference; lastKnownFileType = sourcecode.c.objc; path = AppDelegate.m; sourceTree = "<group>"; };
		BF9D04AF206569EF00E450EA /* ViewController.h */ = {isa = PBXFileReference; lastKnownFileType = sourcecode.c.h; path = ViewController.h; sourceTree = "<group>"; };
		BF9D04B0206569EF00E450EA /* ViewController.m */ = {isa = PBXFileReference; lastKnownFileType = sourcecode.c.objc; path = ViewController.m; sourceTree = "<group>"; };
		BF9D04B3206569EF00E450EA /* Base */ = {isa = PBXFileReference; lastKnownFileType = file.storyboard; name = Base; path = Base.lproj/Main.storyboard; sourceTree = "<group>"; };
		BF9D04B5206569EF00E450EA /* Assets.xcassets */ = {isa = PBXFileReference; lastKnownFileType = folder.assetcatalog; path = Assets.xcassets; sourceTree = "<group>"; };
		BF9D04B8206569EF00E450EA /* Base */ = {isa = PBXFileReference; lastKnownFileType = file.storyboard; name = Base; path = Base.lproj/LaunchScreen.storyboard; sourceTree = "<group>"; };
		BF9D04BA206569EF00E450EA /* Info.plist */ = {isa = PBXFileReference; lastKnownFileType = text.plist.xml; path = Info.plist; sourceTree = "<group>"; };
		BF9D04BB206569EF00E450EA /* main.m */ = {isa = PBXFileReference; lastKnownFileType = sourcecode.c.objc; path = main.m; sourceTree = "<group>"; };
		BF9D04C620656B3D00E450EA /* PrefixHeader.pch */ = {isa = PBXFileReference; lastKnownFileType = sourcecode.c.h; path = PrefixHeader.pch; sourceTree = "<group>"; };
		BF9D04C720656CA900E450EA /* LineView.h */ = {isa = PBXFileReference; lastKnownFileType = sourcecode.c.h; path = LineView.h; sourceTree = "<group>"; };
		BF9D04C820656CA900E450EA /* LineView.m */ = {isa = PBXFileReference; lastKnownFileType = sourcecode.c.objc; path = LineView.m; sourceTree = "<group>"; };
		BF9D04CA206578FB00E450EA /* ShareView.h */ = {isa = PBXFileReference; lastKnownFileType = sourcecode.c.h; path = ShareView.h; sourceTree = "<group>"; };
		BF9D04CB206578FB00E450EA /* ShareView.m */ = {isa = PBXFileReference; lastKnownFileType = sourcecode.c.objc; path = ShareView.m; sourceTree = "<group>"; };
		BF9D04CD20657BDE00E450EA /* ProgressView.h */ = {isa = PBXFileReference; lastKnownFileType = sourcecode.c.h; path = ProgressView.h; sourceTree = "<group>"; };
		BF9D04CE20657BDE00E450EA /* ProgressView.m */ = {isa = PBXFileReference; lastKnownFileType = sourcecode.c.objc; path = ProgressView.m; sourceTree = "<group>"; };
		BF9D04D0206581DA00E450EA /* PieView.h */ = {isa = PBXFileReference; lastKnownFileType = sourcecode.c.h; path = PieView.h; sourceTree = "<group>"; };
		BF9D04D1206581DA00E450EA /* PieView.m */ = {isa = PBXFileReference; lastKnownFileType = sourcecode.c.objc; path = PieView.m; sourceTree = "<group>"; };
		BF9D04D320658A4100E450EA /* BarView.h */ = {isa = PBXFileReference; lastKnownFileType = sourcecode.c.h; path = BarView.h; sourceTree = "<group>"; };
		BF9D04D420658A4100E450EA /* BarView.m */ = {isa = PBXFileReference; lastKnownFileType = sourcecode.c.objc; path = BarView.m; sourceTree = "<group>"; };
		BF9D04D62065A4A600E450EA /* DrawView.h */ = {isa = PBXFileReference; lastKnownFileType = sourcecode.c.h; path = DrawView.h; sourceTree = "<group>"; };
		BF9D04D72065A4A700E450EA /* DrawView.m */ = {isa = PBXFileReference; lastKnownFileType = sourcecode.c.objc; path = DrawView.m; sourceTree = "<group>"; };
		BF9D04D92065AA3F00E450EA /* ZFImageView.h */ = {isa = PBXFileReference; lastKnownFileType = sourcecode.c.h; path = ZFImageView.h; sourceTree = "<group>"; };
		BF9D04DA2065AA3F00E450EA /* ZFImageView.m */ = {isa = PBXFileReference; lastKnownFileType = sourcecode.c.objc; path = ZFImageView.m; sourceTree = "<group>"; };
		BF9D04DC2065ADEB00E450EA /* SnowView.h */ = {isa = PBXFileReference; lastKnownFileType = sourcecode.c.h; path = SnowView.h; sourceTree = "<group>"; };
		BF9D04DD2065ADEB00E450EA /* SnowView.m */ = {isa = PBXFileReference; lastKnownFileType = sourcecode.c.objc; path = SnowView.m; sourceTree = "<group>"; };
		BF9D04DF2065B07E00E450EA /* JuzhenView.h */ = {isa = PBXFileReference; lastKnownFileType = sourcecode.c.h; path = JuzhenView.h; sourceTree = "<group>"; };
		BF9D04E02065B07E00E450EA /* JuzhenView.m */ = {isa = PBXFileReference; lastKnownFileType = sourcecode.c.objc; path = JuzhenView.m; sourceTree = "<group>"; };
		BF9D04E22065B67400E450EA /* myImageView.h */ = {isa = PBXFileReference; lastKnownFileType = sourcecode.c.h; path = myImageView.h; sourceTree = "<group>"; };
		BF9D04E32065B67400E450EA /* myImageView.m */ = {isa = PBXFileReference; lastKnownFileType = sourcecode.c.objc; path = myImageView.m; sourceTree = "<group>"; };
		BF9D04E82065C26900E450EA /* UIImage+Image.h */ = {isa = PBXFileReference; lastKnownFileType = sourcecode.c.h; path = "UIImage+Image.h"; sourceTree = "<group>"; };
		BF9D04E92065C26900E450EA /* UIImage+Image.m */ = {isa = PBXFileReference; lastKnownFileType = sourcecode.c.objc; path = "UIImage+Image.m"; sourceTree = "<group>"; };
		BF9D04EB2065C9BD00E450EA /* HuaViewController.h */ = {isa = PBXFileReference; lastKnownFileType = sourcecode.c.h; path = HuaViewController.h; sourceTree = "<group>"; };
		BF9D04EC2065C9BD00E450EA /* HuaViewController.m */ = {isa = PBXFileReference; lastKnownFileType = sourcecode.c.objc; path = HuaViewController.m; sourceTree = "<group>"; };
		BF9D04ED2065C9BD00E450EA /* HuaViewController.xib */ = {isa = PBXFileReference; lastKnownFileType = file.xib; path = HuaViewController.xib; sourceTree = "<group>"; };
		BF9D04F32065CD6C00E450EA /* DrawPath.h */ = {isa = PBXFileReference; lastKnownFileType = sourcecode.c.h; path = DrawPath.h; sourceTree = "<group>"; };
		BF9D04F42065CD6C00E450EA /* DrawPath.m */ = {isa = PBXFileReference; lastKnownFileType = sourcecode.c.objc; path = DrawPath.m; sourceTree = "<group>"; };
		BF9D04F62065DD3600E450EA /* DrawView.h */ = {isa = PBXFileReference; lastKnownFileType = sourcecode.c.h; path = DrawView.h; sourceTree = "<group>"; };
		BF9D04F72065DD3600E450EA /* DrawView.m */ = {isa = PBXFileReference; lastKnownFileType = sourcecode.c.objc; path = DrawView.m; sourceTree = "<group>"; };
/* End PBXFileReference section */

/* Begin PBXFrameworksBuildPhase section */
		BF9D04A6206569EF00E450EA /* Frameworks */ = {
			isa = PBXFrameworksBuildPhase;
			buildActionMask = 2147483647;
			files = (
			);
			runOnlyForDeploymentPostprocessing = 0;
		};
/* End PBXFrameworksBuildPhase section */

/* Begin PBXGroup section */
		BF9D04A0206569EF00E450EA = {
			isa = PBXGroup;
			children = (
				BF9D04AB206569EF00E450EA /* Quartz2DTest */,
				BF9D04AA206569EF00E450EA /* Products */,
			);
			sourceTree = "<group>";
		};
		BF9D04AA206569EF00E450EA /* Products */ = {
			isa = PBXGroup;
			children = (
				BF9D04A9206569EF00E450EA /* Quartz2DTest.app */,
			);
			name = Products;
			sourceTree = "<group>";
		};
		BF9D04AB206569EF00E450EA /* Quartz2DTest */ = {
			isa = PBXGroup;
			children = (
				BF9D04C220656AD800E450EA /* Classes */,
				BF9D04AC206569EF00E450EA /* AppDelegate.h */,
				BF9D04AD206569EF00E450EA /* AppDelegate.m */,
				BF9D04AF206569EF00E450EA /* ViewController.h */,
				BF9D04B0206569EF00E450EA /* ViewController.m */,
				BF9D04B2206569EF00E450EA /* Main.storyboard */,
				BF9D04B5206569EF00E450EA /* Assets.xcassets */,
				BF9D04B7206569EF00E450EA /* LaunchScreen.storyboard */,
				BF9D04BA206569EF00E450EA /* Info.plist */,
				BF9D04BB206569EF00E450EA /* main.m */,
				BF9D04C620656B3D00E450EA /* PrefixHeader.pch */,
			);
			path = Quartz2DTest;
			sourceTree = "<group>";
		};
		BF9D04C220656AD800E450EA /* Classes */ = {
			isa = PBXGroup;
			children = (
				BF9D04C320656AD800E450EA /* Controller */,
				BF9D04C420656AD800E450EA /* Model */,
				BF9D04C520656AD800E450EA /* View */,
			);
			path = Classes;
			sourceTree = "<group>";
		};
		BF9D04C320656AD800E450EA /* Controller */ = {
			isa = PBXGroup;
			children = (
				BF9D04EB2065C9BD00E450EA /* HuaViewController.h */,
				BF9D04EC2065C9BD00E450EA /* HuaViewController.m */,
				BF9D04ED2065C9BD00E450EA /* HuaViewController.xib */,
				BF9D04F32065CD6C00E450EA /* DrawPath.h */,
				BF9D04F42065CD6C00E450EA /* DrawPath.m */,
				BF9D04F62065DD3600E450EA /* DrawView.h */,
				BF9D04F72065DD3600E450EA /* DrawView.m */,
			);
			path = Controller;
			sourceTree = "<group>";
		};
		BF9D04C420656AD800E450EA /* Model */ = {
			isa = PBXGroup;
			children = (
			);
			path = Model;
			sourceTree = "<group>";
		};
		BF9D04C520656AD800E450EA /* View */ = {
			isa = PBXGroup;
			children = (
				BF9D04C720656CA900E450EA /* LineView.h */,
				BF9D04C820656CA900E450EA /* LineView.m */,
				BF9D04CA206578FB00E450EA /* ShareView.h */,
				BF9D04CB206578FB00E450EA /* ShareView.m */,
				BF9D04CD20657BDE00E450EA /* ProgressView.h */,
				BF9D04CE20657BDE00E450EA /* ProgressView.m */,
				BF9D04D0206581DA00E450EA /* PieView.h */,
				BF9D04D1206581DA00E450EA /* PieView.m */,
				BF9D04D320658A4100E450EA /* BarView.h */,
				BF9D04D420658A4100E450EA /* BarView.m */,
				BF9D04D62065A4A600E450EA /* DrawView.h */,
				BF9D04D72065A4A700E450EA /* DrawView.m */,
				BF9D04D92065AA3F00E450EA /* ZFImageView.h */,
				BF9D04DA2065AA3F00E450EA /* ZFImageView.m */,
				BF9D04DC2065ADEB00E450EA /* SnowView.h */,
				BF9D04DD2065ADEB00E450EA /* SnowView.m */,
				BF9D04DF2065B07E00E450EA /* JuzhenView.h */,
				BF9D04E02065B07E00E450EA /* JuzhenView.m */,
				BF9D04E22065B67400E450EA /* myImageView.h */,
				BF9D04E32065B67400E450EA /* myImageView.m */,
				BF9D04E82065C26900E450EA /* UIImage+Image.h */,
				BF9D04E92065C26900E450EA /* UIImage+Image.m */,
			);
			path = View;
			sourceTree = "<group>";
		};
/* End PBXGroup section */

/* Begin PBXNativeTarget section */
		BF9D04A8206569EF00E450EA /* Quartz2DTest */ = {
			isa = PBXNativeTarget;
			buildConfigurationList = BF9D04BF206569EF00E450EA /* Build configuration list for PBXNativeTarget "Quartz2DTest" */;
			buildPhases = (
				BF9D04A5206569EF00E450EA /* Sources */,
				BF9D04A6206569EF00E450EA /* Frameworks */,
				BF9D04A7206569EF00E450EA /* Resources */,
			);
			buildRules = (
			);
			dependencies = (
			);
			name = Quartz2DTest;
			productName = Quartz2DTest;
			productReference = BF9D04A9206569EF00E450EA /* Quartz2DTest.app */;
			productType = "com.apple.product-type.application";
		};
/* End PBXNativeTarget section */

/* Begin PBXProject section */
		BF9D04A1206569EF00E450EA /* Project object */ = {
			isa = PBXProject;
			attributes = {
				LastUpgradeCheck = 0920;
				ORGANIZATIONNAME = zhufeng;
				TargetAttributes = {
					BF9D04A8206569EF00E450EA = {
						CreatedOnToolsVersion = 9.2;
						ProvisioningStyle = Automatic;
					};
				};
			};
			buildConfigurationList = BF9D04A4206569EF00E450EA /* Build configuration list for PBXProject "Quartz2DTest" */;
			compatibilityVersion = "Xcode 8.0";
			developmentRegion = en;
			hasScannedForEncodings = 0;
			knownRegions = (
				en,
				Base,
			);
			mainGroup = BF9D04A0206569EF00E450EA;
			productRefGroup = BF9D04AA206569EF00E450EA /* Products */;
			projectDirPath = "";
			projectRoot = "";
			targets = (
				BF9D04A8206569EF00E450EA /* Quartz2DTest */,
			);
		};
/* End PBXProject section */

/* Begin PBXResourcesBuildPhase section */
		BF9D04A7206569EF00E450EA /* Resources */ = {
			isa = PBXResourcesBuildPhase;
			buildActionMask = 2147483647;
			files = (
				BF9D04B9206569EF00E450EA /* LaunchScreen.storyboard in Resources */,
				BF9D04B6206569EF00E450EA /* Assets.xcassets in Resources */,
				BF9D04B4206569EF00E450EA /* Main.storyboard in Resources */,
				BF9D04EF2065C9BD00E450EA /* HuaViewController.xib in Resources */,
			);
			runOnlyForDeploymentPostprocessing = 0;
		};
/* End PBXResourcesBuildPhase section */

/* Begin PBXSourcesBuildPhase section */
		BF9D04A5206569EF00E450EA /* Sources */ = {
			isa = PBXSourcesBuildPhase;
			buildActionMask = 2147483647;
			files = (
				BF9D04EE2065C9BD00E450EA /* HuaViewController.m in Sources */,
				BF9D04C920656CA900E450EA /* LineView.m in Sources */,
				BF9D04F52065CD6C00E450EA /* DrawPath.m in Sources */,
				BF9D04B1206569EF00E450EA /* ViewController.m in Sources */,
				BF9D04DE2065ADEB00E450EA /* SnowView.m in Sources */,
				BF9D04DB2065AA3F00E450EA /* ZFImageView.m in Sources */,
				BF9D04CC206578FB00E450EA /* ShareView.m in Sources */,
				BF9D04BC206569EF00E450EA /* main.m in Sources */,
				BF9D04D520658A4100E450EA /* BarView.m in Sources */,
				BF9D04AE206569EF00E450EA /* AppDelegate.m in Sources */,
				BF9D04D2206581DA00E450EA /* PieView.m in Sources */,
				BF9D04F82065DD3600E450EA /* DrawView.m in Sources */,
				BF9D04E42065B67400E450EA /* myImageView.m in Sources */,
				BF9D04CF20657BDE00E450EA /* ProgressView.m in Sources */,
				BF9D04EA2065C26900E450EA /* UIImage+Image.m in Sources */,
				BF9D04E12065B07E00E450EA /* JuzhenView.m in Sources */,
				BF9D04D82065A4A700E450EA /* DrawView.m in Sources */,
			);
			runOnlyForDeploymentPostprocessing = 0;
		};
/* End PBXSourcesBuildPhase section */

/* Begin PBXVariantGroup section */
		BF9D04B2206569EF00E450EA /* Main.storyboard */ = {
			isa = PBXVariantGroup;
			children = (
				BF9D04B3206569EF00E450EA /* Base */,
			);
			name = Main.storyboard;
			sourceTree = "<group>";
		};
		BF9D04B7206569EF00E450EA /* LaunchScreen.storyboard */ = {
			isa = PBXVariantGroup;
			children = (
				BF9D04B8206569EF00E450EA /* Base */,
			);
			name = LaunchScreen.storyboard;
			sourceTree = "<group>";
		};
/* End PBXVariantGroup section */

/* Begin XCBuildConfiguration section */
		BF9D04BD206569EF00E450EA /* Debug */ = {
			isa = XCBuildConfiguration;
			buildSettings = {
				ALWAYS_SEARCH_USER_PATHS = NO;
				CLANG_ANALYZER_NONNULL = YES;
				CLANG_ANALYZER_NUMBER_OBJECT_CONVERSION = YES_AGGRESSIVE;
				CLANG_CXX_LANGUAGE_STANDARD = "gnu++14";
				CLANG_CXX_LIBRARY = "libc++";
				CLANG_ENABLE_MODULES = YES;
				CLANG_ENABLE_OBJC_ARC = YES;
				CLANG_WARN_BLOCK_CAPTURE_AUTORELEASING = YES;
				CLANG_WARN_BOOL_CONVERSION = YES;
				CLANG_WARN_COMMA = YES;
				CLANG_WARN_CONSTANT_CONVERSION = YES;
				CLANG_WARN_DIRECT_OBJC_ISA_USAGE = YES_ERROR;
				CLANG_WARN_DOCUMENTATION_COMMENTS = YES;
				CLANG_WARN_EMPTY_BODY = YES;
				CLANG_WARN_ENUM_CONVERSION = YES;
				CLANG_WARN_INFINITE_RECURSION = YES;
				CLANG_WARN_INT_CONVERSION = YES;
				CLANG_WARN_NON_LITERAL_NULL_CONVERSION = YES;
				CLANG_WARN_OBJC_LITERAL_CONVERSION = YES;
				CLANG_WARN_OBJC_ROOT_CLASS = YES_ERROR;
				CLANG_WARN_RANGE_LOOP_ANALYSIS = YES;
				CLANG_WARN_STRICT_PROTOTYPES = YES;
				CLANG_WARN_SUSPICIOUS_MOVE = YES;
				CLANG_WARN_UNGUARDED_AVAILABILITY = YES_AGGRESSIVE;
				CLANG_WARN_UNREACHABLE_CODE = YES;
				CLANG_WARN__DUPLICATE_METHOD_MATCH = YES;
				CODE_SIGN_IDENTITY = "iPhone Developer";
				COPY_PHASE_STRIP = NO;
				DEBUG_INFORMATION_FORMAT = dwarf;
				ENABLE_STRICT_OBJC_MSGSEND = YES;
				ENABLE_TESTABILITY = YES;
				GCC_C_LANGUAGE_STANDARD = gnu11;
				GCC_DYNAMIC_NO_PIC = NO;
				GCC_NO_COMMON_BLOCKS = YES;
				GCC_OPTIMIZATION_LEVEL = 0;
				GCC_PREPROCESSOR_DEFINITIONS = (
					"DEBUG=1",
					"$(inherited)",
				);
				GCC_WARN_64_TO_32_BIT_CONVERSION = YES;
				GCC_WARN_ABOUT_RETURN_TYPE = YES_ERROR;
				GCC_WARN_UNDECLARED_SELECTOR = YES;
				GCC_WARN_UNINITIALIZED_AUTOS = YES_AGGRESSIVE;
				GCC_WARN_UNUSED_FUNCTION = YES;
				GCC_WARN_UNUSED_VARIABLE = YES;
				IPHONEOS_DEPLOYMENT_TARGET = 11.2;
				MTL_ENABLE_DEBUG_INFO = YES;
				ONLY_ACTIVE_ARCH = YES;
				SDKROOT = iphoneos;
			};
			name = Debug;
		};
		BF9D04BE206569EF00E450EA /* Release */ = {
			isa = XCBuildConfiguration;
			buildSettings = {
				ALWAYS_SEARCH_USER_PATHS = NO;
				CLANG_ANALYZER_NONNULL = YES;
				CLANG_ANALYZER_NUMBER_OBJECT_CONVERSION = YES_AGGRESSIVE;
				CLANG_CXX_LANGUAGE_STANDARD = "gnu++14";
				CLANG_CXX_LIBRARY = "libc++";
				CLANG_ENABLE_MODULES = YES;
				CLANG_ENABLE_OBJC_ARC = YES;
				CLANG_WARN_BLOCK_CAPTURE_AUTORELEASING = YES;
				CLANG_WARN_BOOL_CONVERSION = YES;
				CLANG_WARN_COMMA = YES;
				CLANG_WARN_CONSTANT_CONVERSION = YES;
				CLANG_WARN_DIRECT_OBJC_ISA_USAGE = YES_ERROR;
				CLANG_WARN_DOCUMENTATION_COMMENTS = YES;
				CLANG_WARN_EMPTY_BODY = YES;
				CLANG_WARN_ENUM_CONVERSION = YES;
				CLANG_WARN_INFINITE_RECURSION = YES;
				CLANG_WARN_INT_CONVERSION = YES;
				CLANG_WARN_NON_LITERAL_NULL_CONVERSION = YES;
				CLANG_WARN_OBJC_LITERAL_CONVERSION = YES;
				CLANG_WARN_OBJC_ROOT_CLASS = YES_ERROR;
				CLANG_WARN_RANGE_LOOP_ANALYSIS = YES;
				CLANG_WARN_STRICT_PROTOTYPES = YES;
				CLANG_WARN_SUSPICIOUS_MOVE = YES;
				CLANG_WARN_UNGUARDED_AVAILABILITY = YES_AGGRESSIVE;
				CLANG_WARN_UNREACHABLE_CODE = YES;
				CLANG_WARN__DUPLICATE_METHOD_MATCH = YES;
				CODE_SIGN_IDENTITY = "iPhone Developer";
				COPY_PHASE_STRIP = NO;
				DEBUG_INFORMATION_FORMAT = "dwarf-with-dsym";
				ENABLE_NS_ASSERTIONS = NO;
				ENABLE_STRICT_OBJC_MSGSEND = YES;
				GCC_C_LANGUAGE_STANDARD = gnu11;
				GCC_NO_COMMON_BLOCKS = YES;
				GCC_WARN_64_TO_32_BIT_CONVERSION = YES;
				GCC_WARN_ABOUT_RETURN_TYPE = YES_ERROR;
				GCC_WARN_UNDECLARED_SELECTOR = YES;
				GCC_WARN_UNINITIALIZED_AUTOS = YES_AGGRESSIVE;
				GCC_WARN_UNUSED_FUNCTION = YES;
				GCC_WARN_UNUSED_VARIABLE = YES;
				IPHONEOS_DEPLOYMENT_TARGET = 11.2;
				MTL_ENABLE_DEBUG_INFO = NO;
				SDKROOT = iphoneos;
				VALIDATE_PRODUCT = YES;
			};
			name = Release;
		};
		BF9D04C0206569EF00E450EA /* Debug */ = {
			isa = XCBuildConfiguration;
			buildSettings = {
				ASSETCATALOG_COMPILER_APPICON_NAME = AppIcon;
				CODE_SIGN_STYLE = Automatic;
				DEVELOPMENT_TEAM = 3R48RV923F;
				INFOPLIST_FILE = Quartz2DTest/Info.plist;
				IPHONEOS_DEPLOYMENT_TARGET = 10.0;
				LD_RUNPATH_SEARCH_PATHS = "$(inherited) @executable_path/Frameworks";
				PRODUCT_BUNDLE_IDENTIFIER = com.bailing.Quartz2DTest;
				PRODUCT_NAME = "$(TARGET_NAME)";
				TARGETED_DEVICE_FAMILY = "1,2";
			};
			name = Debug;
		};
		BF9D04C1206569EF00E450EA /* Release */ = {
			isa = XCBuildConfiguration;
			buildSettings = {
				ASSETCATALOG_COMPILER_APPICON_NAME = AppIcon;
				CODE_SIGN_STYLE = Automatic;
				DEVELOPMENT_TEAM = 3R48RV923F;
				INFOPLIST_FILE = Quartz2DTest/Info.plist;
				IPHONEOS_DEPLOYMENT_TARGET = 10.0;
				LD_RUNPATH_SEARCH_PATHS = "$(inherited) @executable_path/Frameworks";
				PRODUCT_BUNDLE_IDENTIFIER = com.bailing.Quartz2DTest;
				PRODUCT_NAME = "$(TARGET_NAME)";
				TARGETED_DEVICE_FAMILY = "1,2";
			};
			name = Release;
		};
/* End XCBuildConfiguration section */

/* Begin XCConfigurationList section */
		BF9D04A4206569EF00E450EA /* Build configuration list for PBXProject "Quartz2DTest" */ = {
			isa = XCConfigurationList;
			buildConfigurations = (
				BF9D04BD206569EF00E450EA /* Debug */,
				BF9D04BE206569EF00E450EA /* Release */,
			);
			defaultConfigurationIsVisible = 0;
			defaultConfigurationName = Release;
		};
		BF9D04BF206569EF00E450EA /* Build configuration list for PBXNativeTarget "Quartz2DTest" */ = {
			isa = XCConfigurationList;
			buildConfigurations = (
				BF9D04C0206569EF00E450EA /* Debug */,
				BF9D04C1206569EF00E450EA /* Release */,
			);
			defaultConfigurationIsVisible = 0;
			defaultConfigurationName = Release;
		};
/* End XCConfigurationList section */
	};
	rootObject = BF9D04A1206569EF00E450EA /* Project object */;
}
